dependencies:
- name: jupyterhub
  repository: https://jupyterhub.github.io/helm-chart
  version: 4.4.0
- name: jupyterhub-home-nfs
  repository: oci://ghcr.io/2i2c-org/jupyterhub-home-nfs
  version: 1.2.0
- name: dask-gateway
  repository: https://helm.dask.org
  version: 2026.3.0
digest: sha256:ec5656462912bae950276d9a5fea8a2cb575c7308eaeaa78456427b2355d4287
generated: "2026-07-21T22:45:37.030017499+02:00"
